
Microsoft Visual Studio Solution File, Format Version 12.00
# Visual Studio Version 17
VisualStudioVersion = 17.6.33723.286
MinimumVisualStudioVersion = 10.0.40219.1
Project("{FAE04EC0-301F-11D3-BF4B-00C04F79EFBC}") = "DesktopCalculator", "DesktopCalculator.csproj", "{576A78BE-A52F-4D96-941A-9DB8A10F41D2}"
EndProject
Global
	GlobalSection(SolutionConfigurationPlatforms) = preSolution
		Debug|Any CPU = Debug|Any CPU
		Release|Any CPU = Release|Any CPU
	EndGlobalSection
	GlobalSection(ProjectConfigurationPlatforms) = postSolution
		{576A78BE-A52F-4D96-941A-9DB8A10F41D2}.Debug|Any CPU.ActiveCfg = Debug|Any CPU
		{576A78BE-A52F-4D96-941A-9DB8A10F41D2}.Debug|Any CPU.Build.0 = Debug|Any CPU
		{576A78BE-A52F-4D96-941A-9DB8A10F41D2}.Release|Any CPU.ActiveCfg = Release|Any CPU
		{576A78BE-A52F-4D96-941A-9DB8A10F41D2}.Release|Any CPU.Build.0 = Release|Any CPU
	EndGlobalSection
	GlobalSection(SolutionProperties) = preSolution
		HideSolutionNode = FALSE
	EndGlobalSection
	GlobalSection(ExtensibilityGlobals) = postSolution
		SolutionGuid = {403C204A-15C7-4B38-BCB7-8216975C4990}
	EndGlobalSection
EndGlobal
